
Microsoft Visual Studio Solution File, Format Version 12.00
# Visual Studio Version 16
VisualStudioVersion = 16.0.32228.343
MinimumVisualStudioVersion = 10.0.40219.1
Project("{FAE04EC0-301F-11D3-BF4B-00C04F79EFBC}") = "ST10081986_Liam_Corbett_PROG7311_POE_PART2(3)", "ST10081986_Liam_Corbett_PROG7311_POE_PART2(3)\ST10081986_Liam_Corbett_PROG7311_POE_PART2(3).csproj", "{BDAC87F2-290B-4D60-BD3B-B4C7D6CF0A5A}"
EndProject
Global
	GlobalSection(SolutionConfigurationPlatforms) = preSolution
		Debug|Any CPU = Debug|Any CPU
		Release|Any CPU = Release|Any CPU
	EndGlobalSection
	GlobalSection(ProjectConfigurationPlatforms) = postSolution
		{BDAC87F2-290B-4D60-BD3B-B4C7D6CF0A5A}.Debug|Any CPU.ActiveCfg = Debug|Any CPU
		{BDAC87F2-290B-4D60-BD3B-B4C7D6CF0A5A}.Debug|Any CPU.Build.0 = Debug|Any CPU
		{BDAC87F2-290B-4D60-BD3B-B4C7D6CF0A5A}.Release|Any CPU.ActiveCfg = Release|Any CPU
		{BDAC87F2-290B-4D60-BD3B-B4C7D6CF0A5A}.Release|Any CPU.Build.0 = Release|Any CPU
	EndGlobalSection
	GlobalSection(SolutionProperties) = preSolution
		HideSolutionNode = FALSE
	EndGlobalSection
	GlobalSection(ExtensibilityGlobals) = postSolution
		SolutionGuid = {10F8E193-C2BA-4211-99BB-DE4ED3A4A98B}
	EndGlobalSection
EndGlobal
